
Microsoft Visual Studio Solution File, Format Version 12.00
# Visual Studio Version 17
VisualStudioVersion = 17.10.35027.167
MinimumVisualStudioVersion = 10.0.40219.1
Project("{FAE04EC0-301F-11D3-BF4B-00C04F79EFBC}") = "17,12", "17,12.csproj", "{162C5C0D-4476-4CB0-8082-5E9630260868}"
EndProject
Global
	GlobalSection(SolutionConfigurationPlatforms) = preSolution
		Debug|Any CPU = Debug|Any CPU
		Release|Any CPU = Release|Any CPU
	EndGlobalSection
	GlobalSection(ProjectConfigurationPlatforms) = postSolution
		{162C5C0D-4476-4CB0-8082-5E9630260868}.Debug|Any CPU.ActiveCfg = Debug|Any CPU
		{162C5C0D-4476-4CB0-8082-5E9630260868}.Debug|Any CPU.Build.0 = Debug|Any CPU
		{162C5C0D-4476-4CB0-8082-5E9630260868}.Release|Any CPU.ActiveCfg = Release|Any CPU
		{162C5C0D-4476-4CB0-8082-5E9630260868}.Release|Any CPU.Build.0 = Release|Any CPU
	EndGlobalSection
	GlobalSection(SolutionProperties) = preSolution
		HideSolutionNode = FALSE
	EndGlobalSection
	GlobalSection(ExtensibilityGlobals) = postSolution
		SolutionGuid = {A17F69EF-7179-49CC-9ECA-1B27B9609992}
	EndGlobalSection
EndGlobal
